
Microsoft Visual Studio Solution File, Format Version 12.00
# Visual Studio Version 16
VisualStudioVersion = 16.0.32802.440
MinimumVisualStudioVersion = 10.0.40219.1
Project("{FAE04EC0-301F-11D3-BF4B-00C04F79EFBC}") = "Wordle", "Wordle\Wordle.csproj", "{76EC9DEA-E1AA-4BE5-9BA6-1CD4F7DF86B2}"
EndProject
Global
	GlobalSection(SolutionConfigurationPlatforms) = preSolution
		Debug|Any CPU = Debug|Any CPU
		Release|Any CPU = Release|Any CPU
	EndGlobalSection
	GlobalSection(ProjectConfigurationPlatforms) = postSolution
		{76EC9DEA-E1AA-4BE5-9BA6-1CD4F7DF86B2}.Debug|Any CPU.ActiveCfg = Debug|Any CPU
		{76EC9DEA-E1AA-4BE5-9BA6-1CD4F7DF86B2}.Debug|Any CPU.Build.0 = Debug|Any CPU
		{76EC9DEA-E1AA-4BE5-9BA6-1CD4F7DF86B2}.Release|Any CPU.ActiveCfg = Release|Any CPU
		{76EC9DEA-E1AA-4BE5-9BA6-1CD4F7DF86B2}.Release|Any CPU.Build.0 = Release|Any CPU
	EndGlobalSection
	GlobalSection(SolutionProperties) = preSolution
		HideSolutionNode = FALSE
	EndGlobalSection
	GlobalSection(ExtensibilityGlobals) = postSolution
		SolutionGuid = {D562D2DE-AE92-4856-84C9-528E74EC466E}
	EndGlobalSection
EndGlobal
